
Microsoft Visual Studio Solution File, Format Version 12.00
# Visual Studio Version 16
VisualStudioVersion = 16.0.31005.135
MinimumVisualStudioVersion = 10.0.40219.1
Project("{9A19103F-16F7-4668-BE54-9A1E7A4F7556}") = "DataAccess", "DataAccess\DataAccess.csproj", "{F2EDCA4C-D41B-4F3B-B85E-50BD343BFB6C}"
EndProject
Project("{9A19103F-16F7-4668-BE54-9A1E7A4F7556}") = "Business", "Business\Business.csproj", "{F818C9E6-6586-4C8B-A49F-A2248A73D298}"
EndProject
Project("{9A19103F-16F7-4668-BE54-9A1E7A4F7556}") = "Entities", "Entities\Entities.csproj", "{DE5CA1F8-C618-4F47-8005-C7CAFBB3ADAE}"
EndProject
Project("{9A19103F-16F7-4668-BE54-9A1E7A4F7556}") = "ConsoleUI", "ConsoleUI\ConsoleUI.csproj", "{35302353-5F2A-43FD-8BAC-9724BF323650}"
EndProject
Project("{FAE04EC0-301F-11D3-BF4B-00C04F79EFBC}") = "Core", "Core\Core.csproj", "{4F7DE16B-3187-4EA4-B47B-03B6E4AB4AB3}"
EndProject
Global
	GlobalSection(SolutionConfigurationPlatforms) = preSolution
		Debug|Any CPU = Debug|Any CPU
		Release|Any CPU = Release|Any CPU
	EndGlobalSection
	GlobalSection(ProjectConfigurationPlatforms) = postSolution
		{F2EDCA4C-D41B-4F3B-B85E-50BD343BFB6C}.Debug|Any CPU.ActiveCfg = Debug|Any CPU
		{F2EDCA4C-D41B-4F3B-B85E-50BD343BFB6C}.Debug|Any CPU.Build.0 = Debug|Any CPU
		{F2EDCA4C-D41B-4F3B-B85E-50BD343BFB6C}.Release|Any CPU.ActiveCfg = Release|Any CPU
		{F2EDCA4C-D41B-4F3B-B85E-50BD343BFB6C}.Release|Any CPU.Build.0 = Release|Any CPU
		{F818C9E6-6586-4C8B-A49F-A2248A73D298}.Debug|Any CPU.ActiveCfg = Debug|Any CPU
		{F818C9E6-6586-4C8B-A49F-A2248A73D298}.Debug|Any CPU.Build.0 = Debug|Any CPU
		{F818C9E6-6586-4C8B-A49F-A2248A73D298}.Release|Any CPU.ActiveCfg = Release|Any CPU
		{F818C9E6-6586-4C8B-A49F-A2248A73D298}.Release|Any CPU.Build.0 = Release|Any CPU
		{DE5CA1F8-C618-4F47-8005-C7CAFBB3ADAE}.Debug|Any CPU.ActiveCfg = Debug|Any CPU
		{DE5CA1F8-C618-4F47-8005-C7CAFBB3ADAE}.Debug|Any CPU.Build.0 = Debug|Any CPU
		{DE5CA1F8-C618-4F47-8005-C7CAFBB3ADAE}.Release|Any CPU.ActiveCfg = Release|Any CPU
		{DE5CA1F8-C618-4F47-8005-C7CAFBB3ADAE}.Release|Any CPU.Build.0 = Release|Any CPU
		{35302353-5F2A-43FD-8BAC-9724BF323650}.Debug|Any CPU.ActiveCfg = Debug|Any CPU
		{35302353-5F2A-43FD-8BAC-9724BF323650}.Debug|Any CPU.Build.0 = Debug|Any CPU
		{35302353-5F2A-43FD-8BAC-9724BF323650}.Release|Any CPU.ActiveCfg = Release|Any CPU
		{35302353-5F2A-43FD-8BAC-9724BF323650}.Release|Any CPU.Build.0 = Release|Any CPU
		{4F7DE16B-3187-4EA4-B47B-03B6E4AB4AB3}.Debug|Any CPU.ActiveCfg = Debug|Any CPU
		{4F7DE16B-3187-4EA4-B47B-03B6E4AB4AB3}.Debug|Any CPU.Build.0 = Debug|Any CPU
		{4F7DE16B-3187-4EA4-B47B-03B6E4AB4AB3}.Release|Any CPU.ActiveCfg = Release|Any CPU
		{4F7DE16B-3187-4EA4-B47B-03B6E4AB4AB3}.Release|Any CPU.Build.0 = Release|Any CPU
	EndGlobalSection
	GlobalSection(SolutionProperties) = preSolution
		HideSolutionNode = FALSE
	EndGlobalSection
	GlobalSection(ExtensibilityGlobals) = postSolution
		SolutionGuid = {2285E52C-AF08-4EB6-B369-F6DF623EF604}
	EndGlobalSection
EndGlobal
